
Microsoft Visual Studio Solution File, Format Version 12.00
# Visual Studio 15
VisualStudioVersion = 15.0.27130.2010
MinimumVisualStudioVersion = 10.0.40219.1
Project("{FAE04EC0-301F-11D3-BF4B-00C04F79EFBC}") = "TennisGame", "TennisGame\TennisGame.csproj", "{2D3EC2D1-6422-4E0D-8BBC-80B5173FD349}"
EndProject
Global
	GlobalSection(SolutionConfigurationPlatforms) = preSolution
		Debug|Any CPU = Debug|Any CPU
		Release|Any CPU = Release|Any CPU
	EndGlobalSection
	GlobalSection(ProjectConfigurationPlatforms) = postSolution
		{2D3EC2D1-6422-4E0D-8BBC-80B5173FD349}.Debug|Any CPU.ActiveCfg = Debug|Any CPU
		{2D3EC2D1-6422-4E0D-8BBC-80B5173FD349}.Debug|Any CPU.Build.0 = Debug|Any CPU
		{2D3EC2D1-6422-4E0D-8BBC-80B5173FD349}.Release|Any CPU.ActiveCfg = Release|Any CPU
		{2D3EC2D1-6422-4E0D-8BBC-80B5173FD349}.Release|Any CPU.Build.0 = Release|Any CPU
	EndGlobalSection
	GlobalSection(SolutionProperties) = preSolution
		HideSolutionNode = FALSE
	EndGlobalSection
	GlobalSection(ExtensibilityGlobals) = postSolution
		SolutionGuid = {14DB520B-EF51-4413-A7E7-FB728A52994E}
	EndGlobalSection
EndGlobal
